# This file is autogenerated, do not edit; changes may be undone by the next 'dep ensure'.


[[projects]]
  name = "github.com/KablamoOSS/kombustion"
  packages = ["parsers/properties","parsers/resources","types"]
  revision = "42791c9ad085b0823efe639898e4ecb469108108"
  version = "0.1.5"

[[projects]]
  name = "github.com/KablamoOSS/yaml"
  packages = ["."]
  revision = "2bbb9391bbcc4c20cf36604955b746df3333c012"
  version = "v2.2.2"

[solve-meta]
  analyzer-name = "dep"
  analyzer-version = 1
  inputs-digest = "9a6b490ca935dfa1e52e96f0e7e656584dd07cc6fcd075ffc11c815595ab0f06"
  solver-name = "gps-cdcl"
  solver-version = 1
